
Microsoft Visual Studio Solution File, Format Version 12.00
# Visual Studio Version 17
VisualStudioVersion = 17.5.33312.197
MinimumVisualStudioVersion = 10.0.40219.1
Project("{9A19103F-16F7-4668-BE54-9A1E7A4F7556}") = "ivoire.groupon", "ivoire.groupon.csproj", "{6125B636-8A7C-4C78-8DE0-836ABC302CAD}"
EndProject
Project("{FAE04EC0-301F-11D3-BF4B-00C04F79EFBC}") = "Contrats", "..\Contrats\Contrats.csproj", "{3A3C0FEF-F79D-4740-97CC-C757CE4DF5A1}"
EndProject
Project("{FAE04EC0-301F-11D3-BF4B-00C04F79EFBC}") = "LoggerService", "..\LoggerService\LoggerService.csproj", "{2F3CECD4-FFAA-488D-9A01-9D4DE6A948A9}"
EndProject
Project("{FAE04EC0-301F-11D3-BF4B-00C04F79EFBC}") = "Entities", "..\Entities\Entities.csproj", "{991CA6F0-B38E-4973-84DE-F695CFEB7BFB}"
EndProject
Project("{FAE04EC0-301F-11D3-BF4B-00C04F79EFBC}") = "Repository", "..\Repository\Repository.csproj", "{C9651EA1-D75F-4511-B8F9-C775F05AE036}"
EndProject
Global
	GlobalSection(SolutionConfigurationPlatforms) = preSolution
		Debug|Any CPU = Debug|Any CPU
		Release|Any CPU = Release|Any CPU
	EndGlobalSection
	GlobalSection(ProjectConfigurationPlatforms) = postSolution
		{6125B636-8A7C-4C78-8DE0-836ABC302CAD}.Debug|Any CPU.ActiveCfg = Debug|Any CPU
		{6125B636-8A7C-4C78-8DE0-836ABC302CAD}.Debug|Any CPU.Build.0 = Debug|Any CPU
		{6125B636-8A7C-4C78-8DE0-836ABC302CAD}.Release|Any CPU.ActiveCfg = Release|Any CPU
		{6125B636-8A7C-4C78-8DE0-836ABC302CAD}.Release|Any CPU.Build.0 = Release|Any CPU
		{3A3C0FEF-F79D-4740-97CC-C757CE4DF5A1}.Debug|Any CPU.ActiveCfg = Debug|Any CPU
		{3A3C0FEF-F79D-4740-97CC-C757CE4DF5A1}.Debug|Any CPU.Build.0 = Debug|Any CPU
		{3A3C0FEF-F79D-4740-97CC-C757CE4DF5A1}.Release|Any CPU.ActiveCfg = Release|Any CPU
		{3A3C0FEF-F79D-4740-97CC-C757CE4DF5A1}.Release|Any CPU.Build.0 = Release|Any CPU
		{2F3CECD4-FFAA-488D-9A01-9D4DE6A948A9}.Debug|Any CPU.ActiveCfg = Debug|Any CPU
		{2F3CECD4-FFAA-488D-9A01-9D4DE6A948A9}.Debug|Any CPU.Build.0 = Debug|Any CPU
		{2F3CECD4-FFAA-488D-9A01-9D4DE6A948A9}.Release|Any CPU.ActiveCfg = Release|Any CPU
		{2F3CECD4-FFAA-488D-9A01-9D4DE6A948A9}.Release|Any CPU.Build.0 = Release|Any CPU
		{991CA6F0-B38E-4973-84DE-F695CFEB7BFB}.Debug|Any CPU.ActiveCfg = Debug|Any CPU
		{991CA6F0-B38E-4973-84DE-F695CFEB7BFB}.Debug|Any CPU.Build.0 = Debug|Any CPU
		{991CA6F0-B38E-4973-84DE-F695CFEB7BFB}.Release|Any CPU.ActiveCfg = Release|Any CPU
		{991CA6F0-B38E-4973-84DE-F695CFEB7BFB}.Release|Any CPU.Build.0 = Release|Any CPU
		{C9651EA1-D75F-4511-B8F9-C775F05AE036}.Debug|Any CPU.ActiveCfg = Debug|Any CPU
		{C9651EA1-D75F-4511-B8F9-C775F05AE036}.Debug|Any CPU.Build.0 = Debug|Any CPU
		{C9651EA1-D75F-4511-B8F9-C775F05AE036}.Release|Any CPU.ActiveCfg = Release|Any CPU
		{C9651EA1-D75F-4511-B8F9-C775F05AE036}.Release|Any CPU.Build.0 = Release|Any CPU
	EndGlobalSection
	GlobalSection(SolutionProperties) = preSolution
		HideSolutionNode = FALSE
	EndGlobalSection
	GlobalSection(ExtensibilityGlobals) = postSolution
		SolutionGuid = {2A41E89F-11EC-43D1-BD0A-1597B9FC4CF6}
	EndGlobalSection
EndGlobal
